{
  "name": "ai-dev-loop",
  "version": "1.0.0",
  "lockfileVersion": 3,
  "requires": true,
  "packages": {
    "": {
      "name": "ai-dev-loop",
      "version": "1.0.0",
      "bin": {
        "cleanup-merged-branches": "cleanupMergedBranches.js"
      },
      "engines": {
        "node": ">=14.0.0"
      }
    }
  }
}
